
Microsoft Visual Studio Solution File, Format Version 12.00
# Visual Studio Version 16
VisualStudioVersion = 16.0.33927.289
MinimumVisualStudioVersion = 10.0.40219.1
Project("{2150E333-8FDC-42A3-9474-1A3956D46DE8}") = "Task0", "Task0", "{83AA42D3-E1D4-4B2B-8E13-D6869F133A9A}"
EndProject
Project("{FAE04EC0-301F-11D3-BF4B-00C04F79EFBC}") = "Tyuiu.PimenovaTS.Sprint4.Task0.V12", "Tyuiu.PimenovaTS.Sprint4.Task0.V12\Tyuiu.PimenovaTS.Sprint4.Task0.V12.csproj", "{651789E2-2890-48EC-9776-06A14FE48B10}"
EndProject
Project("{FAE04EC0-301F-11D3-BF4B-00C04F79EFBC}") = "Tyuiu.PimenovaTS.Sprint4.Task0.V12.Lib", "Tyuiu.PimenovaTS.Sprint4.Task0.V12.Lib\Tyuiu.PimenovaTS.Sprint4.Task0.V12.Lib.csproj", "{32950AD2-45AD-4728-90EE-E0FD6715DDF5}"
EndProject
Project("{FAE04EC0-301F-11D3-BF4B-00C04F79EFBC}") = "Tyuiu.PimenovaTS.Sprint4.Task0.V12.Test", "Tyuiu.PimenovaTS.Sprint4.Task0.V12.Test\Tyuiu.PimenovaTS.Sprint4.Task0.V12.Test.csproj", "{9908999F-1EB7-4489-A9ED-E4C0E248B43A}"
EndProject
Project("{2150E333-8FDC-42A3-9474-1A3956D46DE8}") = "Task1", "Task1", "{80604970-4730-4927-83B2-BEC4BB1FA766}"
EndProject
Project("{FAE04EC0-301F-11D3-BF4B-00C04F79EFBC}") = "Tyuiu.PimenovaTS.Sprint4.Task1.V1", "Tyuiu.PimenovaTS.Sprint4.Task1.V1\Tyuiu.PimenovaTS.Sprint4.Task1.V1.csproj", "{1790B329-9A4E-4746-8D61-07EF24F68EF2}"
EndProject
Project("{FAE04EC0-301F-11D3-BF4B-00C04F79EFBC}") = "Tyuiu.PimenovaTS.Sprint4.Task1.V1.Lib", "Tyuiu.PimenovaTS.Sprint4.Task1.V1.Lib\Tyuiu.PimenovaTS.Sprint4.Task1.V1.Lib.csproj", "{EC35B739-4D7A-4332-A7CD-F99C8680C06B}"
EndProject
Project("{FAE04EC0-301F-11D3-BF4B-00C04F79EFBC}") = "Tyuiu.PimenovaTS.Sprint4.Task1.V1.Test", "Tyuiu.PimenovaTS.Sprint4.Task1.V1.Test\Tyuiu.PimenovaTS.Sprint4.Task1.V1.Test.csproj", "{F990E253-6C94-420B-864B-27B4380B8B21}"
EndProject
Project("{2150E333-8FDC-42A3-9474-1A3956D46DE8}") = "Task2", "Task2", "{96E9CC23-750A-40CF-9A26-187C77F6F3ED}"
EndProject
Project("{FAE04EC0-301F-11D3-BF4B-00C04F79EFBC}") = "Tyuiu.PimenovaTS.Sprint4.Task2.V9", "Tyuiu.PimenovaTS.Sprint4.Task2.V9\Tyuiu.PimenovaTS.Sprint4.Task2.V9.csproj", "{EAD28A1E-0B28-4557-B80F-C478B5293962}"
EndProject
Project("{FAE04EC0-301F-11D3-BF4B-00C04F79EFBC}") = "Tyuiu.PimenovaTS.Sprint4.Task2.V9.Lib", "Tyuiu.PimenovaTS.Sprint4.Task2.V9.Lib\Tyuiu.PimenovaTS.Sprint4.Task2.V9.Lib.csproj", "{A1732B2C-780A-4238-93B5-2A4CB97D0AD2}"
EndProject
Project("{FAE04EC0-301F-11D3-BF4B-00C04F79EFBC}") = "Tyuiu.PimenovaTS.Sprint4.Task2.V9.Test", "Tyuiu.PimenovaTS.Sprint4.Task2.V9.Test\Tyuiu.PimenovaTS.Sprint4.Task2.V9.Test.csproj", "{B46F017E-9B3C-43A0-ACBB-CE37AF3EF5C8}"
EndProject
Project("{2150E333-8FDC-42A3-9474-1A3956D46DE8}") = "Task3", "Task3", "{2A040332-9312-4DCF-9D63-14BE21535DB5}"
EndProject
Project("{FAE04EC0-301F-11D3-BF4B-00C04F79EFBC}") = "Tyuiu.PimenovaTS.Sprint4.Task3.V17", "Tyuiu.PimenovaTS.Sprint4.Task3.V17\Tyuiu.PimenovaTS.Sprint4.Task3.V17.csproj", "{6B60F3EB-CFFB-4C0D-88E4-CB5F35707D83}"
EndProject
Project("{FAE04EC0-301F-11D3-BF4B-00C04F79EFBC}") = "Tyuiu.PimenovaTS.Sprint4.Task3.V17.Lib", "Tyuiu.PimenovaTS.Sprint4.Task3.V17.Lib\Tyuiu.PimenovaTS.Sprint4.Task3.V17.Lib.csproj", "{C9530876-31BB-4CD4-8508-FC3E434C175B}"
EndProject
Project("{FAE04EC0-301F-11D3-BF4B-00C04F79EFBC}") = "Tyuiu.PimenovaTS.Sprint4.Task3.V17.Test", "Tyuiu.PimenovaTS.Sprint4.Task3.V17.Test\Tyuiu.PimenovaTS.Sprint4.Task3.V17.Test.csproj", "{09CAAE8D-910C-4AB1-83BF-2BA9638917DB}"
EndProject
Project("{2150E333-8FDC-42A3-9474-1A3956D46DE8}") = "Task4", "Task4", "{CEFAB390-E3F4-4CE0-8528-84D8B841F28E}"
EndProject
Project("{FAE04EC0-301F-11D3-BF4B-00C04F79EFBC}") = "Tyuiu.PimenovaTS.Sprint4.Task4.V11", "Tyuiu.PimenovaTS.Sprint4.Task4.V11\Tyuiu.PimenovaTS.Sprint4.Task4.V11.csproj", "{A1F73B10-6571-4AC0-8154-D72D6D2C46CE}"
EndProject
Project("{FAE04EC0-301F-11D3-BF4B-00C04F79EFBC}") = "Tyuiu.PimenovaTS.Sprint4.Task4.V11.Lib", "Tyuiu.PimenovaTS.Sprint4.Task4.V11.Lib\Tyuiu.PimenovaTS.Sprint4.Task4.V11.Lib.csproj", "{92FE23B6-7C80-4C12-9B2C-F02B61AFEAA7}"
EndProject
Project("{FAE04EC0-301F-11D3-BF4B-00C04F79EFBC}") = "Tyuiu.PimenovaTS.Sprint4.Task4.V11.Test", "Tyuiu.PimenovaTS.Sprint4.Task4.V11.Test\Tyuiu.PimenovaTS.Sprint4.Task4.V11.Test.csproj", "{6B91B59F-C123-4C03-B39B-13F1FF75486D}"
EndProject
Project("{2150E333-8FDC-42A3-9474-1A3956D46DE8}") = "Task5", "Task5", "{19AB0DA3-CECB-416E-868B-142CE8F2D80F}"
EndProject
Project("{FAE04EC0-301F-11D3-BF4B-00C04F79EFBC}") = "Tyuiu.PimenovaTS.Sprint4.Task5.V1", "Tyuiu.PimenovaTS.Sprint4.Task5.V1\Tyuiu.PimenovaTS.Sprint4.Task5.V1.csproj", "{8C3C77DF-44F4-4285-9B6D-B9603355A04C}"
EndProject
Project("{FAE04EC0-301F-11D3-BF4B-00C04F79EFBC}") = "Tyuiu.PimenovaTS.Sprint4.Task5.V1.Lib", "Tyuiu.PimenovaTS.Sprint4.Task5.V1.Lib\Tyuiu.PimenovaTS.Sprint4.Task5.V1.Lib.csproj", "{292B23CF-969A-446F-AB07-EA38F683C8D4}"
EndProject
Project("{FAE04EC0-301F-11D3-BF4B-00C04F79EFBC}") = "Tyuiu.PimenovaTS.Sprint4.Task5.V1.Test", "Tyuiu.PimenovaTS.Sprint4.Task5.V1.Test\Tyuiu.PimenovaTS.Sprint4.Task5.V1.Test.csproj", "{ED8E5236-6FB3-43E3-9B73-D50DE407AF44}"
EndProject
Project("{2150E333-8FDC-42A3-9474-1A3956D46DE8}") = "Task6", "Task6", "{F33B290D-5CE9-4B21-A1DD-94C00EB401F0}"
EndProject
Project("{FAE04EC0-301F-11D3-BF4B-00C04F79EFBC}") = "Tyuiu.PimenovaTS.Sprint4.Task6.V13", "Tyuiu.PimenovaTS.Sprint4.Task6.V13\Tyuiu.PimenovaTS.Sprint4.Task6.V13.csproj", "{77EBD344-D97B-4464-84F5-0F6430DB90D0}"
EndProject
Project("{FAE04EC0-301F-11D3-BF4B-00C04F79EFBC}") = "Tyuiu.PimenovaTS.Sprint4.Task6.V13.Lib", "Tyuiu.PimenovaTS.Sprint4.Task6.V13.Lib\Tyuiu.PimenovaTS.Sprint4.Task6.V13.Lib.csproj", "{89F3BB6A-F683-4C43-B1D0-2A7FC0C0BE57}"
EndProject
Project("{FAE04EC0-301F-11D3-BF4B-00C04F79EFBC}") = "Tyuiu.PimenovaTS.Sprint4.Task6.V13.Test", "Tyuiu.PimenovaTS.Sprint4.Task6.V13.Test\Tyuiu.PimenovaTS.Sprint4.Task6.V13.Test.csproj", "{4F5468A9-0D6A-4664-A340-DFF64575A9E1}"
EndProject
Global
	GlobalSection(SolutionConfigurationPlatforms) = preSolution
		Debug|Any CPU = Debug|Any CPU
		Release|Any CPU = Release|Any CPU
	EndGlobalSection
	GlobalSection(ProjectConfigurationPlatforms) = postSolution
		{651789E2-2890-48EC-9776-06A14FE48B10}.Debug|Any CPU.ActiveCfg = Debug|Any CPU
		{651789E2-2890-48EC-9776-06A14FE48B10}.Debug|Any CPU.Build.0 = Debug|Any CPU
		{651789E2-2890-48EC-9776-06A14FE48B10}.Release|Any CPU.ActiveCfg = Release|Any CPU
		{651789E2-2890-48EC-9776-06A14FE48B10}.Release|Any CPU.Build.0 = Release|Any CPU
		{32950AD2-45AD-4728-90EE-E0FD6715DDF5}.Debug|Any CPU.ActiveCfg = Debug|Any CPU
		{32950AD2-45AD-4728-90EE-E0FD6715DDF5}.Debug|Any CPU.Build.0 = Debug|Any CPU
		{32950AD2-45AD-4728-90EE-E0FD6715DDF5}.Release|Any CPU.ActiveCfg = Release|Any CPU
		{32950AD2-45AD-4728-90EE-E0FD6715DDF5}.Release|Any CPU.Build.0 = Release|Any CPU
		{9908999F-1EB7-4489-A9ED-E4C0E248B43A}.Debug|Any CPU.ActiveCfg = Debug|Any CPU
		{9908999F-1EB7-4489-A9ED-E4C0E248B43A}.Debug|Any CPU.Build.0 = Debug|Any CPU
		{9908999F-1EB7-4489-A9ED-E4C0E248B43A}.Release|Any CPU.ActiveCfg = Release|Any CPU
		{9908999F-1EB7-4489-A9ED-E4C0E248B43A}.Release|Any CPU.Build.0 = Release|Any CPU
		{1790B329-9A4E-4746-8D61-07EF24F68EF2}.Debug|Any CPU.ActiveCfg = Debug|Any CPU
		{1790B329-9A4E-4746-8D61-07EF24F68EF2}.Debug|Any CPU.Build.0 = Debug|Any CPU
		{1790B329-9A4E-4746-8D61-07EF24F68EF2}.Release|Any CPU.ActiveCfg = Release|Any CPU
		{1790B329-9A4E-4746-8D61-07EF24F68EF2}.Release|Any CPU.Build.0 = Release|Any CPU
		{EC35B739-4D7A-4332-A7CD-F99C8680C06B}.Debug|Any CPU.ActiveCfg = Debug|Any CPU
		{EC35B739-4D7A-4332-A7CD-F99C8680C06B}.Debug|Any CPU.Build.0 = Debug|Any CPU
		{EC35B739-4D7A-4332-A7CD-F99C8680C06B}.Release|Any CPU.ActiveCfg = Release|Any CPU
		{EC35B739-4D7A-4332-A7CD-F99C8680C06B}.Release|Any CPU.Build.0 = Release|Any CPU
		{F990E253-6C94-420B-864B-27B4380B8B21}.Debug|Any CPU.ActiveCfg = Debug|Any CPU
		{F990E253-6C94-420B-864B-27B4380B8B21}.Debug|Any CPU.Build.0 = Debug|Any CPU
		{F990E253-6C94-420B-864B-27B4380B8B21}.Release|Any CPU.ActiveCfg = Release|Any CPU
		{F990E253-6C94-420B-864B-27B4380B8B21}.Release|Any CPU.Build.0 = Release|Any CPU
		{EAD28A1E-0B28-4557-B80F-C478B5293962}.Debug|Any CPU.ActiveCfg = Debug|Any CPU
		{EAD28A1E-0B28-4557-B80F-C478B5293962}.Debug|Any CPU.Build.0 = Debug|Any CPU
		{EAD28A1E-0B28-4557-B80F-C478B5293962}.Release|Any CPU.ActiveCfg = Release|Any CPU
		{EAD28A1E-0B28-4557-B80F-C478B5293962}.Release|Any CPU.Build.0 = Release|Any CPU
		{A1732B2C-780A-4238-93B5-2A4CB97D0AD2}.Debug|Any CPU.ActiveCfg = Debug|Any CPU
		{A1732B2C-780A-4238-93B5-2A4CB97D0AD2}.Debug|Any CPU.Build.0 = Debug|Any CPU
		{A1732B2C-780A-4238-93B5-2A4CB97D0AD2}.Release|Any CPU.ActiveCfg = Release|Any CPU
		{A1732B2C-780A-4238-93B5-2A4CB97D0AD2}.Release|Any CPU.Build.0 = Release|Any CPU
		{B46F017E-9B3C-43A0-ACBB-CE37AF3EF5C8}.Debug|Any CPU.ActiveCfg = Debug|Any CPU
		{B46F017E-9B3C-43A0-ACBB-CE37AF3EF5C8}.Debug|Any CPU.Build.0 = Debug|Any CPU
		{B46F017E-9B3C-43A0-ACBB-CE37AF3EF5C8}.Release|Any CPU.ActiveCfg = Release|Any CPU
		{B46F017E-9B3C-43A0-ACBB-CE37AF3EF5C8}.Release|Any CPU.Build.0 = Release|Any CPU
		{6B60F3EB-CFFB-4C0D-88E4-CB5F35707D83}.Debug|Any CPU.ActiveCfg = Debug|Any CPU
		{6B60F3EB-CFFB-4C0D-88E4-CB5F35707D83}.Debug|Any CPU.Build.0 = Debug|Any CPU
		{6B60F3EB-CFFB-4C0D-88E4-CB5F35707D83}.Release|Any CPU.ActiveCfg = Release|Any CPU
		{6B60F3EB-CFFB-4C0D-88E4-CB5F35707D83}.Release|Any CPU.Build.0 = Release|Any CPU
		{C9530876-31BB-4CD4-8508-FC3E434C175B}.Debug|Any CPU.ActiveCfg = Debug|Any CPU
		{C9530876-31BB-4CD4-8508-FC3E434C175B}.Debug|Any CPU.Build.0 = Debug|Any CPU
		{C9530876-31BB-4CD4-8508-FC3E434C175B}.Release|Any CPU.ActiveCfg = Release|Any CPU
		{C9530876-31BB-4CD4-8508-FC3E434C175B}.Release|Any CPU.Build.0 = Release|Any CPU
		{09CAAE8D-910C-4AB1-83BF-2BA9638917DB}.Debug|Any CPU.ActiveCfg = Debug|Any CPU
		{09CAAE8D-910C-4AB1-83BF-2BA9638917DB}.Debug|Any CPU.Build.0 = Debug|Any CPU
		{09CAAE8D-910C-4AB1-83BF-2BA9638917DB}.Release|Any CPU.ActiveCfg = Release|Any CPU
		{09CAAE8D-910C-4AB1-83BF-2BA9638917DB}.Release|Any CPU.Build.0 = Release|Any CPU
		{A1F73B10-6571-4AC0-8154-D72D6D2C46CE}.Debug|Any CPU.ActiveCfg = Debug|Any CPU
		{A1F73B10-6571-4AC0-8154-D72D6D2C46CE}.Debug|Any CPU.Build.0 = Debug|Any CPU
		{A1F73B10-6571-4AC0-8154-D72D6D2C46CE}.Release|Any CPU.ActiveCfg = Release|Any CPU
		{A1F73B10-6571-4AC0-8154-D72D6D2C46CE}.Release|Any CPU.Build.0 = Release|Any CPU
		{92FE23B6-7C80-4C12-9B2C-F02B61AFEAA7}.Debug|Any CPU.ActiveCfg = Debug|Any CPU
		{92FE23B6-7C80-4C12-9B2C-F02B61AFEAA7}.Debug|Any CPU.Build.0 = Debug|Any CPU
		{92FE23B6-7C80-4C12-9B2C-F02B61AFEAA7}.Release|Any CPU.ActiveCfg = Release|Any CPU
		{92FE23B6-7C80-4C12-9B2C-F02B61AFEAA7}.Release|Any CPU.Build.0 = Release|Any CPU
		{6B91B59F-C123-4C03-B39B-13F1FF75486D}.Debug|Any CPU.ActiveCfg = Debug|Any CPU
		{6B91B59F-C123-4C03-B39B-13F1FF75486D}.Debug|Any CPU.Build.0 = Debug|Any CPU
		{6B91B59F-C123-4C03-B39B-13F1FF75486D}.Release|Any CPU.ActiveCfg = Release|Any CPU
		{6B91B59F-C123-4C03-B39B-13F1FF75486D}.Release|Any CPU.Build.0 = Release|Any CPU
		{8C3C77DF-44F4-4285-9B6D-B9603355A04C}.Debug|Any CPU.ActiveCfg = Debug|Any CPU
		{8C3C77DF-44F4-4285-9B6D-B9603355A04C}.Debug|Any CPU.Build.0 = Debug|Any CPU
		{8C3C77DF-44F4-4285-9B6D-B9603355A04C}.Release|Any CPU.ActiveCfg = Release|Any CPU
		{8C3C77DF-44F4-4285-9B6D-B9603355A04C}.Release|Any CPU.Build.0 = Release|Any CPU
		{292B23CF-969A-446F-AB07-EA38F683C8D4}.Debug|Any CPU.ActiveCfg = Debug|Any CPU
		{292B23CF-969A-446F-AB07-EA38F683C8D4}.Debug|Any CPU.Build.0 = Debug|Any CPU
		{292B23CF-969A-446F-AB07-EA38F683C8D4}.Release|Any CPU.ActiveCfg = Release|Any CPU
		{292B23CF-969A-446F-AB07-EA38F683C8D4}.Release|Any CPU.Build.0 = Release|Any CPU
		{ED8E5236-6FB3-43E3-9B73-D50DE407AF44}.Debug|Any CPU.ActiveCfg = Debug|Any CPU
		{ED8E5236-6FB3-43E3-9B73-D50DE407AF44}.Debug|Any CPU.Build.0 = Debug|Any CPU
		{ED8E5236-6FB3-43E3-9B73-D50DE407AF44}.Release|Any CPU.ActiveCfg = Release|Any CPU
		{ED8E5236-6FB3-43E3-9B73-D50DE407AF44}.Release|Any CPU.Build.0 = Release|Any CPU
		{77EBD344-D97B-4464-84F5-0F6430DB90D0}.Debug|Any CPU.ActiveCfg = Debug|Any CPU
		{77EBD344-D97B-4464-84F5-0F6430DB90D0}.Debug|Any CPU.Build.0 = Debug|Any CPU
		{77EBD344-D97B-4464-84F5-0F6430DB90D0}.Release|Any CPU.ActiveCfg = Release|Any CPU
		{77EBD344-D97B-4464-84F5-0F6430DB90D0}.Release|Any CPU.Build.0 = Release|Any CPU
		{89F3BB6A-F683-4C43-B1D0-2A7FC0C0BE57}.Debug|Any CPU.ActiveCfg = Debug|Any CPU
		{89F3BB6A-F683-4C43-B1D0-2A7FC0C0BE57}.Debug|Any CPU.Build.0 = Debug|Any CPU
		{89F3BB6A-F683-4C43-B1D0-2A7FC0C0BE57}.Release|Any CPU.ActiveCfg = Release|Any CPU
		{89F3BB6A-F683-4C43-B1D0-2A7FC0C0BE57}.Release|Any CPU.Build.0 = Release|Any CPU
		{4F5468A9-0D6A-4664-A340-DFF64575A9E1}.Debug|Any CPU.ActiveCfg = Debug|Any CPU
		{4F5468A9-0D6A-4664-A340-DFF64575A9E1}.Debug|Any CPU.Build.0 = Debug|Any CPU
		{4F5468A9-0D6A-4664-A340-DFF64575A9E1}.Release|Any CPU.ActiveCfg = Release|Any CPU
		{4F5468A9-0D6A-4664-A340-DFF64575A9E1}.Release|Any CPU.Build.0 = Release|Any CPU
	EndGlobalSection
	GlobalSection(SolutionProperties) = preSolution
		HideSolutionNode = FALSE
	EndGlobalSection
	GlobalSection(NestedProjects) = preSolution
		{651789E2-2890-48EC-9776-06A14FE48B10} = {83AA42D3-E1D4-4B2B-8E13-D6869F133A9A}
		{32950AD2-45AD-4728-90EE-E0FD6715DDF5} = {83AA42D3-E1D4-4B2B-8E13-D6869F133A9A}
		{9908999F-1EB7-4489-A9ED-E4C0E248B43A} = {83AA42D3-E1D4-4B2B-8E13-D6869F133A9A}
		{1790B329-9A4E-4746-8D61-07EF24F68EF2} = {80604970-4730-4927-83B2-BEC4BB1FA766}
		{EC35B739-4D7A-4332-A7CD-F99C8680C06B} = {80604970-4730-4927-83B2-BEC4BB1FA766}
		{F990E253-6C94-420B-864B-27B4380B8B21} = {80604970-4730-4927-83B2-BEC4BB1FA766}
		{EAD28A1E-0B28-4557-B80F-C478B5293962} = {96E9CC23-750A-40CF-9A26-187C77F6F3ED}
		{A1732B2C-780A-4238-93B5-2A4CB97D0AD2} = {96E9CC23-750A-40CF-9A26-187C77F6F3ED}
		{B46F017E-9B3C-43A0-ACBB-CE37AF3EF5C8} = {96E9CC23-750A-40CF-9A26-187C77F6F3ED}
		{6B60F3EB-CFFB-4C0D-88E4-CB5F35707D83} = {2A040332-9312-4DCF-9D63-14BE21535DB5}
		{C9530876-31BB-4CD4-8508-FC3E434C175B} = {2A040332-9312-4DCF-9D63-14BE21535DB5}
		{09CAAE8D-910C-4AB1-83BF-2BA9638917DB} = {2A040332-9312-4DCF-9D63-14BE21535DB5}
		{A1F73B10-6571-4AC0-8154-D72D6D2C46CE} = {CEFAB390-E3F4-4CE0-8528-84D8B841F28E}
		{92FE23B6-7C80-4C12-9B2C-F02B61AFEAA7} = {CEFAB390-E3F4-4CE0-8528-84D8B841F28E}
		{6B91B59F-C123-4C03-B39B-13F1FF75486D} = {CEFAB390-E3F4-4CE0-8528-84D8B841F28E}
		{8C3C77DF-44F4-4285-9B6D-B9603355A04C} = {19AB0DA3-CECB-416E-868B-142CE8F2D80F}
		{292B23CF-969A-446F-AB07-EA38F683C8D4} = {19AB0DA3-CECB-416E-868B-142CE8F2D80F}
		{ED8E5236-6FB3-43E3-9B73-D50DE407AF44} = {19AB0DA3-CECB-416E-868B-142CE8F2D80F}
		{77EBD344-D97B-4464-84F5-0F6430DB90D0} = {F33B290D-5CE9-4B21-A1DD-94C00EB401F0}
		{89F3BB6A-F683-4C43-B1D0-2A7FC0C0BE57} = {F33B290D-5CE9-4B21-A1DD-94C00EB401F0}
		{4F5468A9-0D6A-4664-A340-DFF64575A9E1} = {F33B290D-5CE9-4B21-A1DD-94C00EB401F0}
	EndGlobalSection
	GlobalSection(ExtensibilityGlobals) = postSolution
		SolutionGuid = {86DBC41F-D0F0-4BD3-8F66-D2A9381F9E82}
	EndGlobalSection
EndGlobal
